
Microsoft Visual Studio Solution File, Format Version 12.00
# Visual Studio Version 17
VisualStudioVersion = 17.2.32505.173
MinimumVisualStudioVersion = 10.0.40219.1
Project("{2150E333-8FDC-42A3-9474-1A3956D46DE8}") = "Solution Items", "Solution Items", "{90150B24-0F40-41BB-95EF-D95F50BF06BE}"
	ProjectSection(SolutionItems) = preProject
		.gitattributes = .gitattributes
		.gitignore = .gitignore
		.gitmodules = .gitmodules
		Directory.Build.props = Directory.Build.props
		Directory.Build.targets = Directory.Build.targets
		GitVersion.yml = GitVersion.yml
		global.json = global.json
		IKVM.Maven.dist.msbuildproj = IKVM.Maven.dist.msbuildproj
		.github\workflows\IKVM.Maven.yml = .github\workflows\IKVM.Maven.yml
		LICENSE.md = LICENSE.md
		README.md = README.md
	EndProjectSection
EndProject
Project("{9A19103F-16F7-4668-BE54-9A1E7A4F7556}") = "IKVM.Maven.Sdk", "src\IKVM.Maven.Sdk\IKVM.Maven.Sdk.csproj", "{E7E4A1C5-1ADA-477F-881B-4A438D78C718}"
EndProject
Project("{9A19103F-16F7-4668-BE54-9A1E7A4F7556}") = "IKVM.Maven.Sdk.Tasks", "src\IKVM.Maven.Sdk.Tasks\IKVM.Maven.Sdk.Tasks.csproj", "{1EC8A993-D157-4DDA-B792-4569F0137B63}"
EndProject
Project("{9A19103F-16F7-4668-BE54-9A1E7A4F7556}") = "IKVM.Maven.Sdk.Tests", "src\IKVM.Maven.Sdk.Tests\IKVM.Maven.Sdk.Tests.csproj", "{A8E93D8C-39A3-4998-97F6-0CA141BC6D1B}"
EndProject
Project("{9A19103F-16F7-4668-BE54-9A1E7A4F7556}") = "IKVM.Maven.Sdk.Tasks.Tests", "src\IKVM.Maven.Sdk.Tasks.Tests\IKVM.Maven.Sdk.Tasks.Tests.csproj", "{AC43EEA3-AD67-441D-95A0-86477B29D477}"
EndProject
Project("{2150E333-8FDC-42A3-9474-1A3956D46DE8}") = "dist", "dist", "{2B1DC931-2EBF-4544-8076-3C7BF5870163}"
EndProject
Project("{9A19103F-16F7-4668-BE54-9A1E7A4F7556}") = "dist-nuget", "src\dist-nuget\dist-nuget.csproj", "{9DC62B51-6F8F-4764-B29E-588AFE9EE643}"
EndProject
Project("{9A19103F-16F7-4668-BE54-9A1E7A4F7556}") = "dist-tests", "src\dist-tests\dist-tests.csproj", "{7CF45054-BD9C-4874-8A4B-3C2BE86FDB25}"
EndProject
Project("{9A19103F-16F7-4668-BE54-9A1E7A4F7557}") = "IKVM.Maven.Sdk.Tasks.Java", "src\IKVM.Maven.Sdk.Tasks.Java\IKVM.Maven.Sdk.Tasks.Java.msbuildproj", "{45334A6F-F78C-4D95-81F6-7D6E2B8C5798}"
EndProject
Global
	GlobalSection(SolutionConfigurationPlatforms) = preSolution
		Debug|Any CPU = Debug|Any CPU
		Release|Any CPU = Release|Any CPU
	EndGlobalSection
	GlobalSection(ProjectConfigurationPlatforms) = postSolution
		{E7E4A1C5-1ADA-477F-881B-4A438D78C718}.Debug|Any CPU.ActiveCfg = Debug|Any CPU
		{E7E4A1C5-1ADA-477F-881B-4A438D78C718}.Debug|Any CPU.Build.0 = Debug|Any CPU
		{E7E4A1C5-1ADA-477F-881B-4A438D78C718}.Release|Any CPU.ActiveCfg = Release|Any CPU
		{E7E4A1C5-1ADA-477F-881B-4A438D78C718}.Release|Any CPU.Build.0 = Release|Any CPU
		{1EC8A993-D157-4DDA-B792-4569F0137B63}.Debug|Any CPU.ActiveCfg = Debug|Any CPU
		{1EC8A993-D157-4DDA-B792-4569F0137B63}.Debug|Any CPU.Build.0 = Debug|Any CPU
		{1EC8A993-D157-4DDA-B792-4569F0137B63}.Release|Any CPU.ActiveCfg = Release|Any CPU
		{1EC8A993-D157-4DDA-B792-4569F0137B63}.Release|Any CPU.Build.0 = Release|Any CPU
		{A8E93D8C-39A3-4998-97F6-0CA141BC6D1B}.Debug|Any CPU.ActiveCfg = Debug|Any CPU
		{A8E93D8C-39A3-4998-97F6-0CA141BC6D1B}.Debug|Any CPU.Build.0 = Debug|Any CPU
		{A8E93D8C-39A3-4998-97F6-0CA141BC6D1B}.Release|Any CPU.ActiveCfg = Release|Any CPU
		{A8E93D8C-39A3-4998-97F6-0CA141BC6D1B}.Release|Any CPU.Build.0 = Release|Any CPU
		{AC43EEA3-AD67-441D-95A0-86477B29D477}.Debug|Any CPU.ActiveCfg = Debug|Any CPU
		{AC43EEA3-AD67-441D-95A0-86477B29D477}.Debug|Any CPU.Build.0 = Debug|Any CPU
		{AC43EEA3-AD67-441D-95A0-86477B29D477}.Release|Any CPU.ActiveCfg = Release|Any CPU
		{AC43EEA3-AD67-441D-95A0-86477B29D477}.Release|Any CPU.Build.0 = Release|Any CPU
		{9DC62B51-6F8F-4764-B29E-588AFE9EE643}.Debug|Any CPU.ActiveCfg = Debug|Any CPU
		{9DC62B51-6F8F-4764-B29E-588AFE9EE643}.Debug|Any CPU.Build.0 = Debug|Any CPU
		{9DC62B51-6F8F-4764-B29E-588AFE9EE643}.Release|Any CPU.ActiveCfg = Release|Any CPU
		{9DC62B51-6F8F-4764-B29E-588AFE9EE643}.Release|Any CPU.Build.0 = Release|Any CPU
		{7CF45054-BD9C-4874-8A4B-3C2BE86FDB25}.Debug|Any CPU.ActiveCfg = Debug|Any CPU
		{7CF45054-BD9C-4874-8A4B-3C2BE86FDB25}.Debug|Any CPU.Build.0 = Debug|Any CPU
		{7CF45054-BD9C-4874-8A4B-3C2BE86FDB25}.Release|Any CPU.ActiveCfg = Release|Any CPU
		{7CF45054-BD9C-4874-8A4B-3C2BE86FDB25}.Release|Any CPU.Build.0 = Release|Any CPU
		{45334A6F-F78C-4D95-81F6-7D6E2B8C5798}.Debug|Any CPU.ActiveCfg = Debug|Any CPU
		{45334A6F-F78C-4D95-81F6-7D6E2B8C5798}.Debug|Any CPU.Build.0 = Debug|Any CPU
		{45334A6F-F78C-4D95-81F6-7D6E2B8C5798}.Release|Any CPU.ActiveCfg = Release|Any CPU
		{45334A6F-F78C-4D95-81F6-7D6E2B8C5798}.Release|Any CPU.Build.0 = Release|Any CPU
	EndGlobalSection
	GlobalSection(SolutionProperties) = preSolution
		HideSolutionNode = FALSE
	EndGlobalSection
	GlobalSection(NestedProjects) = preSolution
		{9DC62B51-6F8F-4764-B29E-588AFE9EE643} = {2B1DC931-2EBF-4544-8076-3C7BF5870163}
		{7CF45054-BD9C-4874-8A4B-3C2BE86FDB25} = {2B1DC931-2EBF-4544-8076-3C7BF5870163}
	EndGlobalSection
	GlobalSection(ExtensibilityGlobals) = postSolution
		SolutionGuid = {A03ACB78-6C3F-4E09-BAF1-16E41D5A3945}
	EndGlobalSection
EndGlobal
